
Microsoft Visual Studio Solution File, Format Version 11.00
# Visual Studio 2010
Project("{FAE04EC0-301F-11D3-BF4B-00C04F79EFBC}") = "UserSearch", "UserSearch.csproj", "{7A51348A-3DB2-45DE-ADE0-4AEAC381FC61}"
EndProject
Global
	GlobalSection(SolutionConfigurationPlatforms) = preSolution
		Debug|Any CPU = Debug|Any CPU
		Release|Any CPU = Release|Any CPU
	EndGlobalSection
	GlobalSection(ProjectConfigurationPlatforms) = postSolution
		{7A51348A-3DB2-45DE-ADE0-4AEAC381FC61}.Debug|Any CPU.ActiveCfg = Debug|Any CPU
		{7A51348A-3DB2-45DE-ADE0-4AEAC381FC61}.Debug|Any CPU.Build.0 = Debug|Any CPU
		{7A51348A-3DB2-45DE-ADE0-4AEAC381FC61}.Release|Any CPU.ActiveCfg = Release|Any CPU
		{7A51348A-3DB2-45DE-ADE0-4AEAC381FC61}.Release|Any CPU.Build.0 = Release|Any CPU
	EndGlobalSection
	GlobalSection(SolutionProperties) = preSolution
		HideSolutionNode = FALSE
	EndGlobalSection
EndGlobal
